
Microsoft Visual Studio Solution File, Format Version 12.00
# Visual Studio Version 16
VisualStudioVersion = 16.0.32510.428
MinimumVisualStudioVersion = 10.0.40219.1
Project("{FAE04EC0-301F-11D3-BF4B-00C04F79EFBC}") = "Task1", "Task1\Task1.csproj", "{1970FBDB-79A2-4961-8B54-601755BAC837}"
EndProject
Project("{FAE04EC0-301F-11D3-BF4B-00C04F79EFBC}") = "Task2", "Task2\Task2.csproj", "{52D23F92-0F3B-4D77-A033-4FB5C33F81B4}"
EndProject
Global
	GlobalSection(SolutionConfigurationPlatforms) = preSolution
		Debug|Any CPU = Debug|Any CPU
		Release|Any CPU = Release|Any CPU
	EndGlobalSection
	GlobalSection(ProjectConfigurationPlatforms) = postSolution
		{1970FBDB-79A2-4961-8B54-601755BAC837}.Debug|Any CPU.ActiveCfg = Debug|Any CPU
		{1970FBDB-79A2-4961-8B54-601755BAC837}.Debug|Any CPU.Build.0 = Debug|Any CPU
		{1970FBDB-79A2-4961-8B54-601755BAC837}.Release|Any CPU.ActiveCfg = Release|Any CPU
		{1970FBDB-79A2-4961-8B54-601755BAC837}.Release|Any CPU.Build.0 = Release|Any CPU
		{52D23F92-0F3B-4D77-A033-4FB5C33F81B4}.Debug|Any CPU.ActiveCfg = Debug|Any CPU
		{52D23F92-0F3B-4D77-A033-4FB5C33F81B4}.Debug|Any CPU.Build.0 = Debug|Any CPU
		{52D23F92-0F3B-4D77-A033-4FB5C33F81B4}.Release|Any CPU.ActiveCfg = Release|Any CPU
		{52D23F92-0F3B-4D77-A033-4FB5C33F81B4}.Release|Any CPU.Build.0 = Release|Any CPU
	EndGlobalSection
	GlobalSection(SolutionProperties) = preSolution
		HideSolutionNode = FALSE
	EndGlobalSection
	GlobalSection(ExtensibilityGlobals) = postSolution
		SolutionGuid = {9C429F82-3D64-4D08-994E-2CED35D85DA7}
	EndGlobalSection
EndGlobal
